// !$*UTF8*$!
{
	archiveVersion = 1;
	classes = {
	};
	objectVersion = 48;
	objects = {

/* Begin PBXBuildFile section */
		5D0F034C1FF2A33100371F3C /* RegisterViewController.swift in Sources */ = {isa = PBXBuildFile; fileRef = 5D0F034B1FF2A33100371F3C /* RegisterViewController.swift */; };
		5D0F034E1FF32B4800371F3C /* TokenService.swift in Sources */ = {isa = PBXBuildFile; fileRef = 5D0F034D1FF32B4800371F3C /* TokenService.swift */; };
		5D0F03501FF332CB00371F3C /* FollowingViewController.swift in Sources */ = {isa = PBXBuildFile; fileRef = 5D0F034F1FF332CB00371F3C /* FollowingViewController.swift */; };
		5D4F1D7A1FF28C4B0034FD19 /* UserService.swift in Sources */ = {isa = PBXBuildFile; fileRef = 5D4F1D791FF28C4B0034FD19 /* UserService.swift */; };
		5D4F1D7E1FF28CD30034FD19 /* Recipe.swift in Sources */ = {isa = PBXBuildFile; fileRef = 5D4F1D7D1FF28CD30034FD19 /* Recipe.swift */; };
		5D4F1D801FF28CDB0034FD19 /* Ingredient.swift in Sources */ = {isa = PBXBuildFile; fileRef = 5D4F1D7F1FF28CDB0034FD19 /* Ingredient.swift */; };
		5DD3F8B01FEC6A9800489C96 /* AppDelegate.swift in Sources */ = {isa = PBXBuildFile; fileRef = 5DD3F8AF1FEC6A9800489C96 /* AppDelegate.swift */; };
		5DD3F8B21FEC6A9800489C96 /* MainViewController.swift in Sources */ = {isa = PBXBuildFile; fileRef = 5DD3F8B11FEC6A9800489C96 /* MainViewController.swift */; };
		5DD3F8B41FEC6A9800489C96 /* LoginViewController.swift in Sources */ = {isa = PBXBuildFile; fileRef = 5DD3F8B31FEC6A9800489C96 /* LoginViewController.swift */; };
		5DD3F8B71FEC6A9900489C96 /* Main.storyboard in Resources */ = {isa = PBXBuildFile; fileRef = 5DD3F8B51FEC6A9800489C96 /* Main.storyboard */; };
		5DD3F8B91FEC6A9900489C96 /* Assets.xcassets in Resources */ = {isa = PBXBuildFile; fileRef = 5DD3F8B81FEC6A9900489C96 /* Assets.xcassets */; };
		5DD3F8BC1FEC6A9900489C96 /* LaunchScreen.storyboard in Resources */ = {isa = PBXBuildFile; fileRef = 5DD3F8BA1FEC6A9900489C96 /* LaunchScreen.storyboard */; };
		5DD3F8C71FEC6A9900489C96 /* EatrTests.swift in Sources */ = {isa = PBXBuildFile; fileRef = 5DD3F8C61FEC6A9900489C96 /* EatrTests.swift */; };
		A2FFC8DE2561DF5B40BFCF52 /* Pods_Eatr.framework in Frameworks */ = {isa = PBXBuildFile; fileRef = 8689A40C7065445FD01BDE99 /* Pods_Eatr.framework */; };
/* End PBXBuildFile section */

/* Begin PBXContainerItemProxy section */
		5DD3F8C31FEC6A9900489C96 /* PBXContainerItemProxy */ = {
			isa = PBXContainerItemProxy;
			containerPortal = 5DD3F8A41FEC6A9800489C96 /* Project object */;
			proxyType = 1;
			remoteGlobalIDString = 5DD3F8AB1FEC6A9800489C96;
			remoteInfo = Eatr;
		};
/* End PBXContainerItemProxy section */

/* Begin PBXFileReference section */
		41AD672ED98CA6F716D6E5E4 /* Pods-Eatr.release.xcconfig */ = {isa = PBXFileReference; includeInIndex = 1; lastKnownFileType = text.xcconfig; name = "Pods-Eatr.release.xcconfig"; path = "Pods/Target Support Files/Pods-Eatr/Pods-Eatr.release.xcconfig"; sourceTree = "<group>"; };
		5D0F034B1FF2A33100371F3C /* RegisterViewController.swift */ = {isa = PBXFileReference; lastKnownFileType = sourcecode.swift; path = RegisterViewController.swift; sourceTree = "<group>"; };
		5D0F034D1FF32B4800371F3C /* TokenService.swift */ = {isa = PBXFileReference; lastKnownFileType = sourcecode.swift; path = TokenService.swift; sourceTree = "<group>"; };
		5D0F034F1FF332CB00371F3C /* FollowingViewController.swift */ = {isa = PBXFileReference; lastKnownFileType = sourcecode.swift; path = FollowingViewController.swift; sourceTree = "<group>"; };
		5D4F1D791FF28C4B0034FD19 /* UserService.swift */ = {isa = PBXFileReference; lastKnownFileType = sourcecode.swift; path = UserService.swift; sourceTree = "<group>"; };
		5D4F1D7D1FF28CD30034FD19 /* Recipe.swift */ = {isa = PBXFileReference; lastKnownFileType = sourcecode.swift; path = Recipe.swift; sourceTree = "<group>"; };
		5D4F1D7F1FF28CDB0034FD19 /* Ingredient.swift */ = {isa = PBXFileReference; lastKnownFileType = sourcecode.swift; path = Ingredient.swift; sourceTree = "<group>"; };
		5DD3F8AC1FEC6A9800489C96 /* Eatr.app */ = {isa = PBXFileReference; explicitFileType = wrapper.application; includeInIndex = 0; path = Eatr.app; sourceTree = BUILT_PRODUCTS_DIR; };
		5DD3F8AF1FEC6A9800489C96 /* AppDelegate.swift */ = {isa = PBXFileReference; lastKnownFileType = sourcecode.swift; path = AppDelegate.swift; sourceTree = "<group>"; };
		5DD3F8B11FEC6A9800489C96 /* MainViewController.swift */ = {isa = PBXFileReference; lastKnownFileType = sourcecode.swift; path = MainViewController.swift; sourceTree = "<group>"; };
		5DD3F8B31FEC6A9800489C96 /* LoginViewController.swift */ = {isa = PBXFileReference; lastKnownFileType = sourcecode.swift; path = LoginViewController.swift; sourceTree = "<group>"; };
		5DD3F8B61FEC6A9800489C96 /* Base */ = {isa = PBXFileReference; lastKnownFileType = file.storyboard; name = Base; path = Base.lproj/Main.storyboard; sourceTree = "<group>"; };
		5DD3F8B81FEC6A9900489C96 /* Assets.xcassets */ = {isa = PBXFileReference; lastKnownFileType = folder.assetcatalog; path = Assets.xcassets; sourceTree = "<group>"; };
		5DD3F8BB1FEC6A9900489C96 /* Base */ = {isa = PBXFileReference; lastKnownFileType = file.storyboard; name = Base; path = Base.lproj/LaunchScreen.storyboard; sourceTree = "<group>"; };
		5DD3F8BD1FEC6A9900489C96 /* Info.plist */ = {isa = PBXFileReference; lastKnownFileType = text.plist.xml; path = Info.plist; sourceTree = "<group>"; };
		5DD3F8C21FEC6A9900489C96 /* EatrTests.xctest */ = {isa = PBXFileReference; explicitFileType = wrapper.cfbundle; includeInIndex = 0; path = EatrTests.xctest; sourceTree = BUILT_PRODUCTS_DIR; };
		5DD3F8C61FEC6A9900489C96 /* EatrTests.swift */ = {isa = PBXFileReference; lastKnownFileType = sourcecode.swift; path = EatrTests.swift; sourceTree = "<group>"; };
		5DD3F8C81FEC6A9900489C96 /* Info.plist */ = {isa = PBXFileReference; lastKnownFileType = text.plist.xml; path = Info.plist; sourceTree = "<group>"; };
		8689A40C7065445FD01BDE99 /* Pods_Eatr.framework */ = {isa = PBXFileReference; explicitFileType = wrapper.framework; includeInIndex = 0; path = Pods_Eatr.framework; sourceTree = BUILT_PRODUCTS_DIR; };
		A8ACF322B176EE1DFF0BAB77 /* Pods-Eatr.debug.xcconfig */ = {isa = PBXFileReference; includeInIndex = 1; lastKnownFileType = text.xcconfig; name = "Pods-Eatr.debug.xcconfig"; path = "Pods/Target Support Files/Pods-Eatr/Pods-Eatr.debug.xcconfig"; sourceTree = "<group>"; };
/* End PBXFileReference section */

/* Begin PBXFrameworksBuildPhase section */
		5DD3F8A91FEC6A9800489C96 /* Frameworks */ = {
			isa = PBXFrameworksBuildPhase;
			buildActionMask = 2147483647;
			files = (
				A2FFC8DE2561DF5B40BFCF52 /* Pods_Eatr.framework in Frameworks */,
			);
			runOnlyForDeploymentPostprocessing = 0;
		};
		5DD3F8BF1FEC6A9900489C96 /* Frameworks */ = {
			isa = PBXFrameworksBuildPhase;
			buildActionMask = 2147483647;
			files = (
			);
			runOnlyForDeploymentPostprocessing = 0;
		};
/* End PBXFrameworksBuildPhase section */

/* Begin PBXGroup section */
		5D4F1D781FF28C3E0034FD19 /* Services */ = {
			isa = PBXGroup;
			children = (
				5D4F1D791FF28C4B0034FD19 /* UserService.swift */,
				5D0F034D1FF32B4800371F3C /* TokenService.swift */,
			);
			path = Services;
			sourceTree = "<group>";
		};
		5D4F1D7B1FF28C710034FD19 /* ViewControllers */ = {
			isa = PBXGroup;
			children = (
				5DD3F8B11FEC6A9800489C96 /* MainViewController.swift */,
				5DD3F8B31FEC6A9800489C96 /* LoginViewController.swift */,
				5D0F034B1FF2A33100371F3C /* RegisterViewController.swift */,
				5D0F034F1FF332CB00371F3C /* FollowingViewController.swift */,
			);
			path = ViewControllers;
			sourceTree = "<group>";
		};
		5D4F1D7C1FF28CBC0034FD19 /* Models */ = {
			isa = PBXGroup;
			children = (
				5D4F1D7D1FF28CD30034FD19 /* Recipe.swift */,
				5D4F1D7F1FF28CDB0034FD19 /* Ingredient.swift */,
			);
			path = Models;
			sourceTree = "<group>";
		};
		5DD3F8A31FEC6A9800489C96 = {
			isa = PBXGroup;
			children = (
				5DD3F8AE1FEC6A9800489C96 /* Eatr */,
				5DD3F8C51FEC6A9900489C96 /* EatrTests */,
				5DD3F8AD1FEC6A9800489C96 /* Products */,
				EE0218352F08EE8300F83206 /* Pods */,
				716A98743ABC7B779F06FEEF /* Frameworks */,
			);
			sourceTree = "<group>";
		};
		5DD3F8AD1FEC6A9800489C96 /* Products */ = {
			isa = PBXGroup;
			children = (
				5DD3F8AC1FEC6A9800489C96 /* Eatr.app */,
				5DD3F8C21FEC6A9900489C96 /* EatrTests.xctest */,
			);
			name = Products;
			sourceTree = "<group>";
		};
		5DD3F8AE1FEC6A9800489C96 /* Eatr */ = {
			isa = PBXGroup;
			children = (
				5D4F1D7C1FF28CBC0034FD19 /* Models */,
				5D4F1D781FF28C3E0034FD19 /* Services */,
				5D4F1D7B1FF28C710034FD19 /* ViewControllers */,
				5DD3F8AF1FEC6A9800489C96 /* AppDelegate.swift */,
				5DD3F8B51FEC6A9800489C96 /* Main.storyboard */,
				5DD3F8B81FEC6A9900489C96 /* Assets.xcassets */,
				5DD3F8BA1FEC6A9900489C96 /* LaunchScreen.storyboard */,
				5DD3F8BD1FEC6A9900489C96 /* Info.plist */,
			);
			path = Eatr;
			sourceTree = "<group>";
		};
		5DD3F8C51FEC6A9900489C96 /* EatrTests */ = {
			isa = PBXGroup;
			children = (
				5DD3F8C61FEC6A9900489C96 /* EatrTests.swift */,
				5DD3F8C81FEC6A9900489C96 /* Info.plist */,
			);
			path = EatrTests;
			sourceTree = "<group>";
		};
		716A98743ABC7B779F06FEEF /* Frameworks */ = {
			isa = PBXGroup;
			children = (
				8689A40C7065445FD01BDE99 /* Pods_Eatr.framework */,
			);
			name = Frameworks;
			sourceTree = "<group>";
		};
		EE0218352F08EE8300F83206 /* Pods */ = {
			isa = PBXGroup;
			children = (
				A8ACF322B176EE1DFF0BAB77 /* Pods-Eatr.debug.xcconfig */,
				41AD672ED98CA6F716D6E5E4 /* Pods-Eatr.release.xcconfig */,
			);
			name = Pods;
			sourceTree = "<group>";
		};
/* End PBXGroup section */

/* Begin PBXNativeTarget section */
		5DD3F8AB1FEC6A9800489C96 /* Eatr */ = {
			isa = PBXNativeTarget;
			buildConfigurationList = 5DD3F8CB1FEC6A9900489C96 /* Build configuration list for PBXNativeTarget "Eatr" */;
			buildPhases = (
				ABD20FAAE05F7DA71E1D848C /* [CP] Check Pods Manifest.lock */,
				5DD3F8A81FEC6A9800489C96 /* Sources */,
				5DD3F8A91FEC6A9800489C96 /* Frameworks */,
				5DD3F8AA1FEC6A9800489C96 /* Resources */,
				480C974E2ADA767037B3026F /* [CP] Embed Pods Frameworks */,
				60BD06A853DF91C9CA70D42E /* [CP] Copy Pods Resources */,
			);
			buildRules = (
			);
			dependencies = (
			);
			name = Eatr;
			productName = Eatr;
			productReference = 5DD3F8AC1FEC6A9800489C96 /* Eatr.app */;
			productType = "com.apple.product-type.application";
		};
		5DD3F8C11FEC6A9900489C96 /* EatrTests */ = {
			isa = PBXNativeTarget;
			buildConfigurationList = 5DD3F8CE1FEC6A9900489C96 /* Build configuration list for PBXNativeTarget "EatrTests" */;
			buildPhases = (
				5DD3F8BE1FEC6A9900489C96 /* Sources */,
				5DD3F8BF1FEC6A9900489C96 /* Frameworks */,
				5DD3F8C01FEC6A9900489C96 /* Resources */,
			);
			buildRules = (
			);
			dependencies = (
				5DD3F8C41FEC6A9900489C96 /* PBXTargetDependency */,
			);
			name = EatrTests;
			productName = EatrTests;
			productReference = 5DD3F8C21FEC6A9900489C96 /* EatrTests.xctest */;
			productType = "com.apple.product-type.bundle.unit-test";
		};
/* End PBXNativeTarget section */

/* Begin PBXProject section */
		5DD3F8A41FEC6A9800489C96 /* Project object */ = {
			isa = PBXProject;
			attributes = {
				LastSwiftUpdateCheck = 0920;
				LastUpgradeCheck = 0920;
				ORGANIZATIONNAME = Koen;
				TargetAttributes = {
					5DD3F8AB1FEC6A9800489C96 = {
						CreatedOnToolsVersion = 9.2;
						ProvisioningStyle = Automatic;
					};
					5DD3F8C11FEC6A9900489C96 = {
						CreatedOnToolsVersion = 9.2;
						ProvisioningStyle = Automatic;
						TestTargetID = 5DD3F8AB1FEC6A9800489C96;
					};
				};
			};
			buildConfigurationList = 5DD3F8A71FEC6A9800489C96 /* Build configuration list for PBXProject "Eatr" */;
			compatibilityVersion = "Xcode 8.0";
			developmentRegion = en;
			hasScannedForEncodings = 0;
			knownRegions = (
				en,
				Base,
			);
			mainGroup = 5DD3F8A31FEC6A9800489C96;
			productRefGroup = 5DD3F8AD1FEC6A9800489C96 /* Products */;
			projectDirPath = "";
			projectRoot = "";
			targets = (
				5DD3F8AB1FEC6A9800489C96 /* Eatr */,
				5DD3F8C11FEC6A9900489C96 /* EatrTests */,
			);
		};
/* End PBXProject section */

/* Begin PBXResourcesBuildPhase section */
		5DD3F8AA1FEC6A9800489C96 /* Resources */ = {
			isa = PBXResourcesBuildPhase;
			buildActionMask = 2147483647;
			files = (
				5DD3F8BC1FEC6A9900489C96 /* LaunchScreen.storyboard in Resources */,
				5DD3F8B91FEC6A9900489C96 /* Assets.xcassets in Resources */,
				5DD3F8B71FEC6A9900489C96 /* Main.storyboard in Resources */,
			);
			runOnlyForDeploymentPostprocessing = 0;
		};
		5DD3F8C01FEC6A9900489C96 /* Resources */ = {
			isa = PBXResourcesBuildPhase;
			buildActionMask = 2147483647;
			files = (
			);
			runOnlyForDeploymentPostprocessing = 0;
		};
/* End PBXResourcesBuildPhase section */

/* Begin PBXShellScriptBuildPhase section */
		480C974E2ADA767037B3026F /* [CP] Embed Pods Frameworks */ = {
			isa = PBXShellScriptBuildPhase;
			buildActionMask = 2147483647;
			files = (
			);
			inputPaths = (
				"${SRCROOT}/Pods/Target Support Files/Pods-Eatr/Pods-Eatr-frameworks.sh",
				"${BUILT_PRODUCTS_DIR}/Alamofire/Alamofire.framework",
				"${BUILT_PRODUCTS_DIR}/KeychainAccess/KeychainAccess.framework",
			);
			name = "[CP] Embed Pods Frameworks";
			outputPaths = (
				"${TARGET_BUILD_DIR}/${FRAMEWORKS_FOLDER_PATH}/Alamofire.framework",
				"${TARGET_BUILD_DIR}/${FRAMEWORKS_FOLDER_PATH}/KeychainAccess.framework",
			);
			runOnlyForDeploymentPostprocessing = 0;
			shellPath = /bin/sh;
			shellScript = "\"${SRCROOT}/Pods/Target Support Files/Pods-Eatr/Pods-Eatr-frameworks.sh\"\n";
			showEnvVarsInLog = 0;
		};
		60BD06A853DF91C9CA70D42E /* [CP] Copy Pods Resources */ = {
			isa = PBXShellScriptBuildPhase;
			buildActionMask = 2147483647;
			files = (
			);
			inputPaths = (
			);
			name = "[CP] Copy Pods Resources";
			outputPaths = (
			);
			runOnlyForDeploymentPostprocessing = 0;
			shellPath = /bin/sh;
			shellScript = "\"${SRCROOT}/Pods/Target Support Files/Pods-Eatr/Pods-Eatr-resources.sh\"\n";
			showEnvVarsInLog = 0;
		};
		ABD20FAAE05F7DA71E1D848C /* [CP] Check Pods Manifest.lock */ = {
			isa = PBXShellScriptBuildPhase;
			buildActionMask = 2147483647;
			files = (
			);
			inputPaths = (
				"${PODS_PODFILE_DIR_PATH}/Podfile.lock",
				"${PODS_ROOT}/Manifest.lock",
			);
			name = "[CP] Check Pods Manifest.lock";
			outputPaths = (
				"$(DERIVED_FILE_DIR)/Pods-Eatr-checkManifestLockResult.txt",
			);
			runOnlyForDeploymentPostprocessing = 0;
			shellPath = /bin/sh;
			shellScript = "diff \"${PODS_PODFILE_DIR_PATH}/Podfile.lock\" \"${PODS_ROOT}/Manifest.lock\" > /dev/null\nif [ $? != 0 ] ; then\n    # print error to STDERR\n    echo \"error: The sandbox is not in sync with the Podfile.lock. Run 'pod install' or update your CocoaPods installation.\" >&2\n    exit 1\nfi\n# This output is used by Xcode 'outputs' to avoid re-running this script phase.\necho \"SUCCESS\" > \"${SCRIPT_OUTPUT_FILE_0}\"\n";
			showEnvVarsInLog = 0;
		};
/* End PBXShellScriptBuildPhase section */

/* Begin PBXSourcesBuildPhase section */
		5DD3F8A81FEC6A9800489C96 /* Sources */ = {
			isa = PBXSourcesBuildPhase;
			buildActionMask = 2147483647;
			files = (
				5DD3F8B41FEC6A9800489C96 /* LoginViewController.swift in Sources */,
				5DD3F8B01FEC6A9800489C96 /* AppDelegate.swift in Sources */,
				5D0F034C1FF2A33100371F3C /* RegisterViewController.swift in Sources */,
				5D4F1D801FF28CDB0034FD19 /* Ingredient.swift in Sources */,
				5DD3F8B21FEC6A9800489C96 /* MainViewController.swift in Sources */,
				5D4F1D7A1FF28C4B0034FD19 /* UserService.swift in Sources */,
				5D4F1D7E1FF28CD30034FD19 /* Recipe.swift in Sources */,
				5D0F03501FF332CB00371F3C /* FollowingViewController.swift in Sources */,
				5D0F034E1FF32B4800371F3C /* TokenService.swift in Sources */,
			);
			runOnlyForDeploymentPostprocessing = 0;
		};
		5DD3F8BE1FEC6A9900489C96 /* Sources */ = {
			isa = PBXSourcesBuildPhase;
			buildActionMask = 2147483647;
			files = (
				5DD3F8C71FEC6A9900489C96 /* EatrTests.swift in Sources */,
			);
			runOnlyForDeploymentPostprocessing = 0;
		};
/* End PBXSourcesBuildPhase section */

/* Begin PBXTargetDependency section */
		5DD3F8C41FEC6A9900489C96 /* PBXTargetDependency */ = {
			isa = PBXTargetDependency;
			target = 5DD3F8AB1FEC6A9800489C96 /* Eatr */;
			targetProxy = 5DD3F8C31FEC6A9900489C96 /* PBXContainerItemProxy */;
		};
/* End PBXTargetDependency section */

/* Begin PBXVariantGroup section */
		5DD3F8B51FEC6A9800489C96 /* Main.storyboard */ = {
			isa = PBXVariantGroup;
			children = (
				5DD3F8B61FEC6A9800489C96 /* Base */,
			);
			name = Main.storyboard;
			sourceTree = "<group>";
		};
		5DD3F8BA1FEC6A9900489C96 /* LaunchScreen.storyboard */ = {
			isa = PBXVariantGroup;
			children = (
				5DD3F8BB1FEC6A9900489C96 /* Base */,
			);
			name = LaunchScreen.storyboard;
			sourceTree = "<group>";
		};
/* End PBXVariantGroup section */

/* Begin XCBuildConfiguration section */
		5DD3F8C91FEC6A9900489C96 /* Debug */ = {
			isa = XCBuildConfiguration;
			buildSettings = {
				ALWAYS_SEARCH_USER_PATHS = NO;
				CLANG_ANALYZER_NONNULL = YES;
				CLANG_ANALYZER_NUMBER_OBJECT_CONVERSION = YES_AGGRESSIVE;
				CLANG_CXX_LANGUAGE_STANDARD = "gnu++14";
				CLANG_CXX_LIBRARY = "libc++";
				CLANG_ENABLE_MODULES = YES;
				CLANG_ENABLE_OBJC_ARC = YES;
				CLANG_WARN_BLOCK_CAPTURE_AUTORELEASING = YES;
				CLANG_WARN_BOOL_CONVERSION = YES;
				CLANG_WARN_COMMA = YES;
				CLANG_WARN_CONSTANT_CONVERSION = YES;
				CLANG_WARN_DIRECT_OBJC_ISA_USAGE = YES_ERROR;
				CLANG_WARN_DOCUMENTATION_COMMENTS = YES;
				CLANG_WARN_EMPTY_BODY = YES;
				CLANG_WARN_ENUM_CONVERSION = YES;
				CLANG_WARN_INFINITE_RECURSION = YES;
				CLANG_WARN_INT_CONVERSION = YES;
				CLANG_WARN_NON_LITERAL_NULL_CONVERSION = YES;
				CLANG_WARN_OBJC_LITERAL_CONVERSION = YES;
				CLANG_WARN_OBJC_ROOT_CLASS = YES_ERROR;
				CLANG_WARN_RANGE_LOOP_ANALYSIS = YES;
				CLANG_WARN_STRICT_PROTOTYPES = YES;
				CLANG_WARN_SUSPICIOUS_MOVE = YES;
				CLANG_WARN_UNGUARDED_AVAILABILITY = YES_AGGRESSIVE;
				CLANG_WARN_UNREACHABLE_CODE = YES;
				CLANG_WARN__DUPLICATE_METHOD_MATCH = YES;
				CODE_SIGN_IDENTITY = "iPhone Developer";
				COPY_PHASE_STRIP = NO;
				DEBUG_INFORMATION_FORMAT = dwarf;
				ENABLE_STRICT_OBJC_MSGSEND = YES;
				ENABLE_TESTABILITY = YES;
				GCC_C_LANGUAGE_STANDARD = gnu11;
				GCC_DYNAMIC_NO_PIC = NO;
				GCC_NO_COMMON_BLOCKS = YES;
				GCC_OPTIMIZATION_LEVEL = 0;
				GCC_PREPROCESSOR_DEFINITIONS = (
					"DEBUG=1",
					"$(inherited)",
				);
				GCC_WARN_64_TO_32_BIT_CONVERSION = YES;
				GCC_WARN_ABOUT_RETURN_TYPE = YES_ERROR;
				GCC_WARN_UNDECLARED_SELECTOR = YES;
				GCC_WARN_UNINITIALIZED_AUTOS = YES_AGGRESSIVE;
				GCC_WARN_UNUSED_FUNCTION = YES;
				GCC_WARN_UNUSED_VARIABLE = YES;
				IPHONEOS_DEPLOYMENT_TARGET = 11.2;
				MTL_ENABLE_DEBUG_INFO = YES;
				ONLY_ACTIVE_ARCH = YES;
				SDKROOT = iphoneos;
				SWIFT_ACTIVE_COMPILATION_CONDITIONS = DEBUG;
				SWIFT_OPTIMIZATION_LEVEL = "-Onone";
			};
			name = Debug;
		};
		5DD3F8CA1FEC6A9900489C96 /* Release */ = {
			isa = XCBuildConfiguration;
			buildSettings = {
				ALWAYS_SEARCH_USER_PATHS = NO;
				CLANG_ANALYZER_NONNULL = YES;
				CLANG_ANALYZER_NUMBER_OBJECT_CONVERSION = YES_AGGRESSIVE;
				CLANG_CXX_LANGUAGE_STANDARD = "gnu++14";
				CLANG_CXX_LIBRARY = "libc++";
				CLANG_ENABLE_MODULES = YES;
				CLANG_ENABLE_OBJC_ARC = YES;
				CLANG_WARN_BLOCK_CAPTURE_AUTORELEASING = YES;
				CLANG_WARN_BOOL_CONVERSION = YES;
				CLANG_WARN_COMMA = YES;
				CLANG_WARN_CONSTANT_CONVERSION = YES;
				CLANG_WARN_DIRECT_OBJC_ISA_USAGE = YES_ERROR;
				CLANG_WARN_DOCUMENTATION_COMMENTS = YES;
				CLANG_WARN_EMPTY_BODY = YES;
				CLANG_WARN_ENUM_CONVERSION = YES;
				CLANG_WARN_INFINITE_RECURSION = YES;
				CLANG_WARN_INT_CONVERSION = YES;
				CLANG_WARN_NON_LITERAL_NULL_CONVERSION = YES;
				CLANG_WARN_OBJC_LITERAL_CONVERSION = YES;
				CLANG_WARN_OBJC_ROOT_CLASS = YES_ERROR;
				CLANG_WARN_RANGE_LOOP_ANALYSIS = YES;
				CLANG_WARN_STRICT_PROTOTYPES = YES;
				CLANG_WARN_SUSPICIOUS_MOVE = YES;
				CLANG_WARN_UNGUARDED_AVAILABILITY = YES_AGGRESSIVE;
				CLANG_WARN_UNREACHABLE_CODE = YES;
				CLANG_WARN__DUPLICATE_METHOD_MATCH = YES;
				CODE_SIGN_IDENTITY = "iPhone Developer";
				COPY_PHASE_STRIP = NO;
				DEBUG_INFORMATION_FORMAT = "dwarf-with-dsym";
				ENABLE_NS_ASSERTIONS = NO;
				ENABLE_STRICT_OBJC_MSGSEND = YES;
				GCC_C_LANGUAGE_STANDARD = gnu11;
				GCC_NO_COMMON_BLOCKS = YES;
				GCC_WARN_64_TO_32_BIT_CONVERSION = YES;
				GCC_WARN_ABOUT_RETURN_TYPE = YES_ERROR;
				GCC_WARN_UNDECLARED_SELECTOR = YES;
				GCC_WARN_UNINITIALIZED_AUTOS = YES_AGGRESSIVE;
				GCC_WARN_UNUSED_FUNCTION = YES;
				GCC_WARN_UNUSED_VARIABLE = YES;
				IPHONEOS_DEPLOYMENT_TARGET = 11.2;
				MTL_ENABLE_DEBUG_INFO = NO;
				SDKROOT = iphoneos;
				SWIFT_OPTIMIZATION_LEVEL = "-Owholemodule";
				VALIDATE_PRODUCT = YES;
			};
			name = Release;
		};
		5DD3F8CC1FEC6A9900489C96 /* Debug */ = {
			isa = XCBuildConfiguration;
			baseConfigurationReference = A8ACF322B176EE1DFF0BAB77 /* Pods-Eatr.debug.xcconfig */;
			buildSettings = {
				ASSETCATALOG_COMPILER_APPICON_NAME = AppIcon;
				CODE_SIGN_STYLE = Automatic;
				INFOPLIST_FILE = Eatr/Info.plist;
				LD_RUNPATH_SEARCH_PATHS = "$(inherited) @executable_path/Frameworks";
				PRODUCT_BUNDLE_IDENTIFIER = com.kfrancois.Eatr;
				PRODUCT_NAME = "$(TARGET_NAME)";
				SWIFT_VERSION = 4.0;
				TARGETED_DEVICE_FAMILY = "1,2";
			};
			name = Debug;
		};
		5DD3F8CD1FEC6A9900489C96 /* Release */ = {
			isa = XCBuildConfiguration;
			baseConfigurationReference = 41AD672ED98CA6F716D6E5E4 /* Pods-Eatr.release.xcconfig */;
			buildSettings = {
				ASSETCATALOG_COMPILER_APPICON_NAME = AppIcon;
				CODE_SIGN_STYLE = Automatic;
				INFOPLIST_FILE = Eatr/Info.plist;
				LD_RUNPATH_SEARCH_PATHS = "$(inherited) @executable_path/Frameworks";
				PRODUCT_BUNDLE_IDENTIFIER = com.kfrancois.Eatr;
				PRODUCT_NAME = "$(TARGET_NAME)";
				SWIFT_VERSION = 4.0;
				TARGETED_DEVICE_FAMILY = "1,2";
			};
			name = Release;
		};
		5DD3F8CF1FEC6A9900489C96 /* Debug */ = {
			isa = XCBuildConfiguration;
			buildSettings = {
				ALWAYS_EMBED_SWIFT_STANDARD_LIBRARIES = YES;
				BUNDLE_LOADER = "$(TEST_HOST)";
				CODE_SIGN_STYLE = Automatic;
				INFOPLIST_FILE = EatrTests/Info.plist;
				LD_RUNPATH_SEARCH_PATHS = "$(inherited) @executable_path/Frameworks @loader_path/Frameworks";
				PRODUCT_BUNDLE_IDENTIFIER = com.kfrancois.EatrTests;
				PRODUCT_NAME = "$(TARGET_NAME)";
				SWIFT_VERSION = 4.0;
				TARGETED_DEVICE_FAMILY = "1,2";
				TEST_HOST = "$(BUILT_PRODUCTS_DIR)/Eatr.app/Eatr";
			};
			name = Debug;
		};
		5DD3F8D01FEC6A9900489C96 /* Release */ = {
			isa = XCBuildConfiguration;
			buildSettings = {
				ALWAYS_EMBED_SWIFT_STANDARD_LIBRARIES = YES;
				BUNDLE_LOADER = "$(TEST_HOST)";
				CODE_SIGN_STYLE = Automatic;
				INFOPLIST_FILE = EatrTests/Info.plist;
				LD_RUNPATH_SEARCH_PATHS = "$(inherited) @executable_path/Frameworks @loader_path/Frameworks";
				PRODUCT_BUNDLE_IDENTIFIER = com.kfrancois.EatrTests;
				PRODUCT_NAME = "$(TARGET_NAME)";
				SWIFT_VERSION = 4.0;
				TARGETED_DEVICE_FAMILY = "1,2";
				TEST_HOST = "$(BUILT_PRODUCTS_DIR)/Eatr.app/Eatr";
			};
			name = Release;
		};
/* End XCBuildConfiguration section */

/* Begin XCConfigurationList section */
		5DD3F8A71FEC6A9800489C96 /* Build configuration list for PBXProject "Eatr" */ = {
			isa = XCConfigurationList;
			buildConfigurations = (
				5DD3F8C91FEC6A9900489C96 /* Debug */,
				5DD3F8CA1FEC6A9900489C96 /* Release */,
			);
			defaultConfigurationIsVisible = 0;
			defaultConfigurationName = Release;
		};
		5DD3F8CB1FEC6A9900489C96 /* Build configuration list for PBXNativeTarget "Eatr" */ = {
			isa = XCConfigurationList;
			buildConfigurations = (
				5DD3F8CC1FEC6A9900489C96 /* Debug */,
				5DD3F8CD1FEC6A9900489C96 /* Release */,
			);
			defaultConfigurationIsVisible = 0;
			defaultConfigurationName = Release;
		};
		5DD3F8CE1FEC6A9900489C96 /* Build configuration list for PBXNativeTarget "EatrTests" */ = {
			isa = XCConfigurationList;
			buildConfigurations = (
				5DD3F8CF1FEC6A9900489C96 /* Debug */,
				5DD3F8D01FEC6A9900489C96 /* Release */,
			);
			defaultConfigurationIsVisible = 0;
			defaultConfigurationName = Release;
		};
/* End XCConfigurationList section */
	};
	rootObject = 5DD3F8A41FEC6A9800489C96 /* Project object */;
}
